// !$*UTF8*$!
{
	archiveVersion = 1;
	classes = {
	};
	objectVersion = 50;
	objects = {

/* Begin PBXBuildFile section */
		8414A2CC22DA2C77002E93E8 /* AppDelegate.swift in Sources */ = {isa = PBXBuildFile; fileRef = 8414A2CB22DA2C77002E93E8 /* AppDelegate.swift */; };
		8414A2CE22DA2C77002E93E8 /* FirstController.swift in Sources */ = {isa = PBXBuildFile; fileRef = 8414A2CD22DA2C77002E93E8 /* FirstController.swift */; };
		8414A2D322DA2C78002E93E8 /* Assets.xcassets in Resources */ = {isa = PBXBuildFile; fileRef = 8414A2D222DA2C78002E93E8 /* Assets.xcassets */; };
		8414A2D622DA2C78002E93E8 /* LaunchScreen.storyboard in Resources */ = {isa = PBXBuildFile; fileRef = 8414A2D422DA2C78002E93E8 /* LaunchScreen.storyboard */; };
		8414A2E022DA2DC9002E93E8 /* AppCoordinator.swift in Sources */ = {isa = PBXBuildFile; fileRef = 8414A2DF22DA2DC9002E93E8 /* AppCoordinator.swift */; };
		8414A2E322DA30F7002E93E8 /* _Setup.swift in Sources */ = {isa = PBXBuildFile; fileRef = 8414A2E222DA30F7002E93E8 /* _Setup.swift */; };
/* End PBXBuildFile section */

/* Begin PBXFileReference section */
		8414A2C822DA2C77002E93E8 /* Coord_Test.app */ = {isa = PBXFileReference; explicitFileType = wrapper.application; includeInIndex = 0; path = Coord_Test.app; sourceTree = BUILT_PRODUCTS_DIR; };
		8414A2CB22DA2C77002E93E8 /* AppDelegate.swift */ = {isa = PBXFileReference; lastKnownFileType = sourcecode.swift; path = AppDelegate.swift; sourceTree = "<group>"; };
		8414A2CD22DA2C77002E93E8 /* FirstController.swift */ = {isa = PBXFileReference; lastKnownFileType = sourcecode.swift; path = FirstController.swift; sourceTree = "<group>"; };
		8414A2D222DA2C78002E93E8 /* Assets.xcassets */ = {isa = PBXFileReference; lastKnownFileType = folder.assetcatalog; path = Assets.xcassets; sourceTree = "<group>"; };
		8414A2D522DA2C78002E93E8 /* Base */ = {isa = PBXFileReference; lastKnownFileType = file.storyboard; name = Base; path = Base.lproj/LaunchScreen.storyboard; sourceTree = "<group>"; };
		8414A2D722DA2C78002E93E8 /* Info.plist */ = {isa = PBXFileReference; lastKnownFileType = text.plist.xml; path = Info.plist; sourceTree = "<group>"; };
		8414A2DF22DA2DC9002E93E8 /* AppCoordinator.swift */ = {isa = PBXFileReference; lastKnownFileType = sourcecode.swift; path = AppCoordinator.swift; sourceTree = "<group>"; };
		8414A2E222DA30F7002E93E8 /* _Setup.swift */ = {isa = PBXFileReference; lastKnownFileType = sourcecode.swift; path = _Setup.swift; sourceTree = "<group>"; };
/* End PBXFileReference section */

/* Begin PBXFrameworksBuildPhase section */
		8414A2C522DA2C77002E93E8 /* Frameworks */ = {
			isa = PBXFrameworksBuildPhase;
			buildActionMask = 2147483647;
			files = (
			);
			runOnlyForDeploymentPostprocessing = 0;
		};
/* End PBXFrameworksBuildPhase section */

/* Begin PBXGroup section */
		8414A2BF22DA2C77002E93E8 = {
			isa = PBXGroup;
			children = (
				8414A2CA22DA2C77002E93E8 /* Coord_Test */,
				8414A2C922DA2C77002E93E8 /* Products */,
			);
			sourceTree = "<group>";
		};
		8414A2C922DA2C77002E93E8 /* Products */ = {
			isa = PBXGroup;
			children = (
				8414A2C822DA2C77002E93E8 /* Coord_Test.app */,
			);
			name = Products;
			sourceTree = "<group>";
		};
		8414A2CA22DA2C77002E93E8 /* Coord_Test */ = {
			isa = PBXGroup;
			children = (
				8414A2E122DA2F66002E93E8 /* Coordinator */,
				8414A2DE22DA2D94002E93E8 /* App Coordinator */,
				8414A2DD22DA2D60002E93E8 /* Support */,
				8414A2CD22DA2C77002E93E8 /* FirstController.swift */,
				8414A2D722DA2C78002E93E8 /* Info.plist */,
			);
			path = Coord_Test;
			sourceTree = "<group>";
		};
		8414A2DD22DA2D60002E93E8 /* Support */ = {
			isa = PBXGroup;
			children = (
				8414A2D422DA2C78002E93E8 /* LaunchScreen.storyboard */,
				8414A2D222DA2C78002E93E8 /* Assets.xcassets */,
				8414A2CB22DA2C77002E93E8 /* AppDelegate.swift */,
			);
			path = Support;
			sourceTree = "<group>";
		};
		8414A2DE22DA2D94002E93E8 /* App Coordinator */ = {
			isa = PBXGroup;
			children = (
				8414A2E222DA30F7002E93E8 /* _Setup.swift */,
				8414A2DF22DA2DC9002E93E8 /* AppCoordinator.swift */,
			);
			path = "App Coordinator";
			sourceTree = "<group>";
		};
		8414A2E122DA2F66002E93E8 /* Coordinator */ = {
			isa = PBXGroup;
			children = (
			);
			path = Coordinator;
			sourceTree = "<group>";
		};
/* End PBXGroup section */

/* Begin PBXNativeTarget section */
		8414A2C722DA2C77002E93E8 /* Coord_Test */ = {
			isa = PBXNativeTarget;
			buildConfigurationList = 8414A2DA22DA2C78002E93E8 /* Build configuration list for PBXNativeTarget "Coord_Test" */;
			buildPhases = (
				8414A2C422DA2C77002E93E8 /* Sources */,
				8414A2C522DA2C77002E93E8 /* Frameworks */,
				8414A2C622DA2C77002E93E8 /* Resources */,
			);
			buildRules = (
			);
			dependencies = (
			);
			name = Coord_Test;
			productName = Coord_Test;
			productReference = 8414A2C822DA2C77002E93E8 /* Coord_Test.app */;
			productType = "com.apple.product-type.application";
		};
/* End PBXNativeTarget section */

/* Begin PBXProject section */
		8414A2C022DA2C77002E93E8 /* Project object */ = {
			isa = PBXProject;
			attributes = {
				LastSwiftUpdateCheck = 1020;
				LastUpgradeCheck = 1020;
				ORGANIZATIONNAME = admin;
				TargetAttributes = {
					8414A2C722DA2C77002E93E8 = {
						CreatedOnToolsVersion = 10.2.1;
					};
				};
			};
			buildConfigurationList = 8414A2C322DA2C77002E93E8 /* Build configuration list for PBXProject "Coord_Test" */;
			compatibilityVersion = "Xcode 9.3";
			developmentRegion = en;
			hasScannedForEncodings = 0;
			knownRegions = (
				en,
				Base,
			);
			mainGroup = 8414A2BF22DA2C77002E93E8;
			productRefGroup = 8414A2C922DA2C77002E93E8 /* Products */;
			projectDirPath = "";
			projectRoot = "";
			targets = (
				8414A2C722DA2C77002E93E8 /* Coord_Test */,
			);
		};
/* End PBXProject section */

/* Begin PBXResourcesBuildPhase section */
		8414A2C622DA2C77002E93E8 /* Resources */ = {
			isa = PBXResourcesBuildPhase;
			buildActionMask = 2147483647;
			files = (
				8414A2D622DA2C78002E93E8 /* LaunchScreen.storyboard in Resources */,
				8414A2D322DA2C78002E93E8 /* Assets.xcassets in Resources */,
			);
			runOnlyForDeploymentPostprocessing = 0;
		};
/* End PBXResourcesBuildPhase section */

/* Begin PBXSourcesBuildPhase section */
		8414A2C422DA2C77002E93E8 /* Sources */ = {
			isa = PBXSourcesBuildPhase;
			buildActionMask = 2147483647;
			files = (
				8414A2E322DA30F7002E93E8 /* _Setup.swift in Sources */,
				8414A2E022DA2DC9002E93E8 /* AppCoordinator.swift in Sources */,
				8414A2CE22DA2C77002E93E8 /* FirstController.swift in Sources */,
				8414A2CC22DA2C77002E93E8 /* AppDelegate.swift in Sources */,
			);
			runOnlyForDeploymentPostprocessing = 0;
		};
/* End PBXSourcesBuildPhase section */

/* Begin PBXVariantGroup section */
		8414A2D422DA2C78002E93E8 /* LaunchScreen.storyboard */ = {
			isa = PBXVariantGroup;
			children = (
				8414A2D522DA2C78002E93E8 /* Base */,
			);
			name = LaunchScreen.storyboard;
			sourceTree = "<group>";
		};
/* End PBXVariantGroup section */

/* Begin XCBuildConfiguration section */
		8414A2D822DA2C78002E93E8 /* Debug */ = {
			isa = XCBuildConfiguration;
			buildSettings = {
				ALWAYS_SEARCH_USER_PATHS = NO;
				CLANG_ANALYZER_NONNULL = YES;
				CLANG_ANALYZER_NUMBER_OBJECT_CONVERSION = YES_AGGRESSIVE;
				CLANG_CXX_LANGUAGE_STANDARD = "gnu++14";
				CLANG_CXX_LIBRARY = "libc++";
				CLANG_ENABLE_MODULES = YES;
				CLANG_ENABLE_OBJC_ARC = YES;
				CLANG_ENABLE_OBJC_WEAK = YES;
				CLANG_WARN_BLOCK_CAPTURE_AUTORELEASING = YES;
				CLANG_WARN_BOOL_CONVERSION = YES;
				CLANG_WARN_COMMA = YES;
				CLANG_WARN_CONSTANT_CONVERSION = YES;
				CLANG_WARN_DEPRECATED_OBJC_IMPLEMENTATIONS = YES;
				CLANG_WARN_DIRECT_OBJC_ISA_USAGE = YES_ERROR;
				CLANG_WARN_DOCUMENTATION_COMMENTS = YES;
				CLANG_WARN_EMPTY_BODY = YES;
				CLANG_WARN_ENUM_CONVERSION = YES;
				CLANG_WARN_INFINITE_RECURSION = YES;
				CLANG_WARN_INT_CONVERSION = YES;
				CLANG_WARN_NON_LITERAL_NULL_CONVERSION = YES;
				CLANG_WARN_OBJC_IMPLICIT_RETAIN_SELF = YES;
				CLANG_WARN_OBJC_LITERAL_CONVERSION = YES;
				CLANG_WARN_OBJC_ROOT_CLASS = YES_ERROR;
				CLANG_WARN_RANGE_LOOP_ANALYSIS = YES;
				CLANG_WARN_STRICT_PROTOTYPES = YES;
				CLANG_WARN_SUSPICIOUS_MOVE = YES;
				CLANG_WARN_UNGUARDED_AVAILABILITY = YES_AGGRESSIVE;
				CLANG_WARN_UNREACHABLE_CODE = YES;
				CLANG_WARN__DUPLICATE_METHOD_MATCH = YES;
				CODE_SIGN_IDENTITY = "iPhone Developer";
				COPY_PHASE_STRIP = NO;
				DEBUG_INFORMATION_FORMAT = dwarf;
				ENABLE_STRICT_OBJC_MSGSEND = YES;
				ENABLE_TESTABILITY = YES;
				GCC_C_LANGUAGE_STANDARD = gnu11;
				GCC_DYNAMIC_NO_PIC = NO;
				GCC_NO_COMMON_BLOCKS = YES;
				GCC_OPTIMIZATION_LEVEL = 0;
				GCC_PREPROCESSOR_DEFINITIONS = (
					"DEBUG=1",
					"$(inherited)",
				);
				GCC_WARN_64_TO_32_BIT_CONVERSION = YES;
				GCC_WARN_ABOUT_RETURN_TYPE = YES_ERROR;
				GCC_WARN_UNDECLARED_SELECTOR = YES;
				GCC_WARN_UNINITIALIZED_AUTOS = YES_AGGRESSIVE;
				GCC_WARN_UNUSED_FUNCTION = YES;
				GCC_WARN_UNUSED_VARIABLE = YES;
				IPHONEOS_DEPLOYMENT_TARGET = 12.2;
				MTL_ENABLE_DEBUG_INFO = INCLUDE_SOURCE;
				MTL_FAST_MATH = YES;
				ONLY_ACTIVE_ARCH = YES;
				SDKROOT = iphoneos;
				SWIFT_ACTIVE_COMPILATION_CONDITIONS = DEBUG;
				SWIFT_OPTIMIZATION_LEVEL = "-Onone";
			};
			name = Debug;
		};
		8414A2D922DA2C78002E93E8 /* Release */ = {
			isa = XCBuildConfiguration;
			buildSettings = {
				ALWAYS_SEARCH_USER_PATHS = NO;
				CLANG_ANALYZER_NONNULL = YES;
				CLANG_ANALYZER_NUMBER_OBJECT_CONVERSION = YES_AGGRESSIVE;
				CLANG_CXX_LANGUAGE_STANDARD = "gnu++14";
				CLANG_CXX_LIBRARY = "libc++";
				CLANG_ENABLE_MODULES = YES;
				CLANG_ENABLE_OBJC_ARC = YES;
				CLANG_ENABLE_OBJC_WEAK = YES;
				CLANG_WARN_BLOCK_CAPTURE_AUTORELEASING = YES;
				CLANG_WARN_BOOL_CONVERSION = YES;
				CLANG_WARN_COMMA = YES;
				CLANG_WARN_CONSTANT_CONVERSION = YES;
				CLANG_WARN_DEPRECATED_OBJC_IMPLEMENTATIONS = YES;
				CLANG_WARN_DIRECT_OBJC_ISA_USAGE = YES_ERROR;
				CLANG_WARN_DOCUMENTATION_COMMENTS = YES;
				CLANG_WARN_EMPTY_BODY = YES;
				CLANG_WARN_ENUM_CONVERSION = YES;
				CLANG_WARN_INFINITE_RECURSION = YES;
				CLANG_WARN_INT_CONVERSION = YES;
				CLANG_WARN_NON_LITERAL_NULL_CONVERSION = YES;
				CLANG_WARN_OBJC_IMPLICIT_RETAIN_SELF = YES;
				CLANG_WARN_OBJC_LITERAL_CONVERSION = YES;
				CLANG_WARN_OBJC_ROOT_CLASS = YES_ERROR;
				CLANG_WARN_RANGE_LOOP_ANALYSIS = YES;
				CLANG_WARN_STRICT_PROTOTYPES = YES;
				CLANG_WARN_SUSPICIOUS_MOVE = YES;
				CLANG_WARN_UNGUARDED_AVAILABILITY = YES_AGGRESSIVE;
				CLANG_WARN_UNREACHABLE_CODE = YES;
				CLANG_WARN__DUPLICATE_METHOD_MATCH = YES;
				CODE_SIGN_IDENTITY = "iPhone Developer";
				COPY_PHASE_STRIP = NO;
				DEBUG_INFORMATION_FORMAT = "dwarf-with-dsym";
				ENABLE_NS_ASSERTIONS = NO;
				ENABLE_STRICT_OBJC_MSGSEND = YES;
				GCC_C_LANGUAGE_STANDARD = gnu11;
				GCC_NO_COMMON_BLOCKS = YES;
				GCC_WARN_64_TO_32_BIT_CONVERSION = YES;
				GCC_WARN_ABOUT_RETURN_TYPE = YES_ERROR;
				GCC_WARN_UNDECLARED_SELECTOR = YES;
				GCC_WARN_UNINITIALIZED_AUTOS = YES_AGGRESSIVE;
				GCC_WARN_UNUSED_FUNCTION = YES;
				GCC_WARN_UNUSED_VARIABLE = YES;
				IPHONEOS_DEPLOYMENT_TARGET = 12.2;
				MTL_ENABLE_DEBUG_INFO = NO;
				MTL_FAST_MATH = YES;
				SDKROOT = iphoneos;
				SWIFT_COMPILATION_MODE = wholemodule;
				SWIFT_OPTIMIZATION_LEVEL = "-O";
				VALIDATE_PRODUCT = YES;
			};
			name = Release;
		};
		8414A2DB22DA2C78002E93E8 /* Debug */ = {
			isa = XCBuildConfiguration;
			buildSettings = {
				ASSETCATALOG_COMPILER_APPICON_NAME = AppIcon;
				CODE_SIGN_STYLE = Automatic;
				DEVELOPMENT_TEAM = S47KDE6E7N;
				INFOPLIST_FILE = Coord_Test/Info.plist;
				LD_RUNPATH_SEARCH_PATHS = (
					"$(inherited)",
					"@executable_path/Frameworks",
				);
				PRODUCT_BUNDLE_IDENTIFIER = "asdf.ewr.eu.Coord-Test";
				PRODUCT_NAME = "$(TARGET_NAME)";
				SWIFT_VERSION = 5.0;
				TARGETED_DEVICE_FAMILY = "1,2";
			};
			name = Debug;
		};
		8414A2DC22DA2C78002E93E8 /* Release */ = {
			isa = XCBuildConfiguration;
			buildSettings = {
				ASSETCATALOG_COMPILER_APPICON_NAME = AppIcon;
				CODE_SIGN_STYLE = Automatic;
				DEVELOPMENT_TEAM = S47KDE6E7N;
				INFOPLIST_FILE = Coord_Test/Info.plist;
				LD_RUNPATH_SEARCH_PATHS = (
					"$(inherited)",
					"@executable_path/Frameworks",
				);
				PRODUCT_BUNDLE_IDENTIFIER = "asdf.ewr.eu.Coord-Test";
				PRODUCT_NAME = "$(TARGET_NAME)";
				SWIFT_VERSION = 5.0;
				TARGETED_DEVICE_FAMILY = "1,2";
			};
			name = Release;
		};
/* End XCBuildConfiguration section */

/* Begin XCConfigurationList section */
		8414A2C322DA2C77002E93E8 /* Build configuration list for PBXProject "Coord_Test" */ = {
			isa = XCConfigurationList;
			buildConfigurations = (
				8414A2D822DA2C78002E93E8 /* Debug */,
				8414A2D922DA2C78002E93E8 /* Release */,
			);
			defaultConfigurationIsVisible = 0;
			defaultConfigurationName = Release;
		};
		8414A2DA22DA2C78002E93E8 /* Build configuration list for PBXNativeTarget "Coord_Test" */ = {
			isa = XCConfigurationList;
			buildConfigurations = (
				8414A2DB22DA2C78002E93E8 /* Debug */,
				8414A2DC22DA2C78002E93E8 /* Release */,
			);
			defaultConfigurationIsVisible = 0;
			defaultConfigurationName = Release;
		};
/* End XCConfigurationList section */
	};
	rootObject = 8414A2C022DA2C77002E93E8 /* Project object */;
}
